
Microsoft Visual Studio Solution File, Format Version 12.00
# Visual Studio Version 16
VisualStudioVersion = 16.0.809.8
MinimumVisualStudioVersion = 10.0.40219.1
Project("{FAE04EC0-301F-11D3-BF4B-00C04F79EFBC}") = "TwitterShowcase", "TwitterShowcase.csproj", "{94CB3136-DC54-43C2-A028-09ABA3CCE9B9}"
EndProject
Global
	GlobalSection(SolutionConfigurationPlatforms) = preSolution
		Debug|Any CPU = Debug|Any CPU
		Release|Any CPU = Release|Any CPU
	EndGlobalSection
	GlobalSection(ProjectConfigurationPlatforms) = postSolution
		{94CB3136-DC54-43C2-A028-09ABA3CCE9B9}.Debug|Any CPU.ActiveCfg = Debug|Any CPU
		{94CB3136-DC54-43C2-A028-09ABA3CCE9B9}.Debug|Any CPU.Build.0 = Debug|Any CPU
		{94CB3136-DC54-43C2-A028-09ABA3CCE9B9}.Release|Any CPU.ActiveCfg = Release|Any CPU
		{94CB3136-DC54-43C2-A028-09ABA3CCE9B9}.Release|Any CPU.Build.0 = Release|Any CPU
	EndGlobalSection
	GlobalSection(SolutionProperties) = preSolution
		HideSolutionNode = FALSE
	EndGlobalSection
	GlobalSection(ExtensibilityGlobals) = postSolution
		SolutionGuid = {4BA6D580-5F69-4D7A-A959-71C2DE7C10F0}
	EndGlobalSection
EndGlobal
